
Microsoft Visual Studio Solution File, Format Version 12.00
# Visual Studio Version 17
VisualStudioVersion = 17.4.33110.190
MinimumVisualStudioVersion = 10.0.40219.1
Project("{FAE04EC0-301F-11D3-BF4B-00C04F79EFBC}") = "deneme2", "deneme2\deneme2.csproj", "{EF0A13B2-1400-4B79-85B9-179E3885E961}"
EndProject
Global
	GlobalSection(SolutionConfigurationPlatforms) = preSolution
		Debug|Any CPU = Debug|Any CPU
		Release|Any CPU = Release|Any CPU
	EndGlobalSection
	GlobalSection(ProjectConfigurationPlatforms) = postSolution
		{EF0A13B2-1400-4B79-85B9-179E3885E961}.Debug|Any CPU.ActiveCfg = Debug|Any CPU
		{EF0A13B2-1400-4B79-85B9-179E3885E961}.Debug|Any CPU.Build.0 = Debug|Any CPU
		{EF0A13B2-1400-4B79-85B9-179E3885E961}.Release|Any CPU.ActiveCfg = Release|Any CPU
		{EF0A13B2-1400-4B79-85B9-179E3885E961}.Release|Any CPU.Build.0 = Release|Any CPU
	EndGlobalSection
	GlobalSection(SolutionProperties) = preSolution
		HideSolutionNode = FALSE
	EndGlobalSection
	GlobalSection(ExtensibilityGlobals) = postSolution
		SolutionGuid = {E5E78C25-51E8-41D3-B475-9C410E1F689D}
	EndGlobalSection
EndGlobal
